
Microsoft Visual Studio Solution File, Format Version 12.00
# Visual Studio Version 16
VisualStudioVersion = 16.0.30114.105
MinimumVisualStudioVersion = 10.0.40219.1
Project("{2150E333-8FDC-42A3-9474-1A3956D46DE8}") = "Services", "Services", "{D991C8A8-C2B4-43AD-A3E5-9C2E5C5F6098}"
EndProject
Project("{FAE04EC0-301F-11D3-BF4B-00C04F79EFBC}") = "Catalog.API", "Services\Catalog\Catalog.API\Catalog.API.csproj", "{34679EE2-4ABD-4F62-B8D3-CD2B4A3D65FA}"
EndProject
Project("{FAE04EC0-301F-11D3-BF4B-00C04F79EFBC}") = "Catalog.UnitTests", "Services\Catalog\Catalog.UnitTests\Catalog.UnitTests.csproj", "{5BA3C208-E9F9-436C-B51E-09161A80E74B}"
EndProject
Project("{FAE04EC0-301F-11D3-BF4B-00C04F79EFBC}") = "Basket.API", "Services\Basket\Basket.API\Basket.API.csproj", "{037BA858-C4B1-4D8D-BA3F-9E8037D5967A}"
EndProject
Project("{FAE04EC0-301F-11D3-BF4B-00C04F79EFBC}") = "Basket.UnitTests", "Services\Basket\Basket.UnitTests\Basket.UnitTests.csproj", "{3D652DA6-C365-4FBA-A896-ABB9E8EAEF0B}"
EndProject
Project("{FAE04EC0-301F-11D3-BF4B-00C04F79EFBC}") = "Discount.API", "Services\Discount\Discount.API\Discount.API.csproj", "{12F7C72C-1BE7-43EB-BC19-20147EE54873}"
EndProject
Project("{FAE04EC0-301F-11D3-BF4B-00C04F79EFBC}") = "Discount.Grpc", "Services\Discount\Discount.Grpc\Discount.Grpc.csproj", "{9507802A-012E-4213-A645-71C8D85C303A}"
EndProject
Project("{2150E333-8FDC-42A3-9474-1A3956D46DE8}") = "Ordering", "Ordering", "{1B053E41-DA69-4989-B6F6-F269EA4258F7}"
EndProject
Project("{FAE04EC0-301F-11D3-BF4B-00C04F79EFBC}") = "Ordering.API", "Services\Ordering\Ordering.API\Ordering.API.csproj", "{76B4A118-C6EC-4B36-8203-6F046D71B02A}"
EndProject
Project("{FAE04EC0-301F-11D3-BF4B-00C04F79EFBC}") = "Ordering.Application", "Services\Ordering\Ordering.Application\Ordering.Application.csproj", "{199BBA8C-3DC0-434A-9A1C-AA47135ED0C0}"
EndProject
Project("{FAE04EC0-301F-11D3-BF4B-00C04F79EFBC}") = "Ordering.Domain", "Services\Ordering\Ordering.Domain\Ordering.Domain.csproj", "{B7D15ABE-EC5C-4A9E-8576-A9C4D240F390}"
EndProject
Project("{FAE04EC0-301F-11D3-BF4B-00C04F79EFBC}") = "Ordering.Infrastructure", "Services\Ordering\Ordering.Infrastructure\Ordering.Infrastructure.csproj", "{9DAD74F1-406C-4141-86F6-A15045DB44B2}"
EndProject
Project("{2150E333-8FDC-42A3-9474-1A3956D46DE8}") = "BuildingBlocks", "BuildingBlocks", "{388D0610-0251-495C-B079-8C71AC2EEAAA}"
EndProject
Project("{FAE04EC0-301F-11D3-BF4B-00C04F79EFBC}") = "EventBus.Messages", "BuildingBlocks\EventBus.Messages\EventBus.Messages.csproj", "{65A0BA28-C614-45DC-B527-FF6CDFA045EF}"
EndProject
Project("{2150E333-8FDC-42A3-9474-1A3956D46DE8}") = "ApiGateways", "ApiGateways", "{9934AD5D-8047-47F6-9653-55388F99F41D}"
EndProject
Project("{FAE04EC0-301F-11D3-BF4B-00C04F79EFBC}") = "OcelotApiGateway", "ApiGateways\OcelotApiGateway\OcelotApiGateway.csproj", "{43A47899-4ABC-44A7-A148-7E577765B303}"
EndProject
Global
	GlobalSection(SolutionConfigurationPlatforms) = preSolution
		Debug|Any CPU = Debug|Any CPU
		Release|Any CPU = Release|Any CPU
	EndGlobalSection
	GlobalSection(SolutionProperties) = preSolution
		HideSolutionNode = FALSE
	EndGlobalSection
	GlobalSection(ProjectConfigurationPlatforms) = postSolution
		{34679EE2-4ABD-4F62-B8D3-CD2B4A3D65FA}.Debug|Any CPU.ActiveCfg = Debug|Any CPU
		{34679EE2-4ABD-4F62-B8D3-CD2B4A3D65FA}.Debug|Any CPU.Build.0 = Debug|Any CPU
		{34679EE2-4ABD-4F62-B8D3-CD2B4A3D65FA}.Release|Any CPU.ActiveCfg = Release|Any CPU
		{34679EE2-4ABD-4F62-B8D3-CD2B4A3D65FA}.Release|Any CPU.Build.0 = Release|Any CPU
		{5BA3C208-E9F9-436C-B51E-09161A80E74B}.Debug|Any CPU.ActiveCfg = Debug|Any CPU
		{5BA3C208-E9F9-436C-B51E-09161A80E74B}.Debug|Any CPU.Build.0 = Debug|Any CPU
		{5BA3C208-E9F9-436C-B51E-09161A80E74B}.Release|Any CPU.ActiveCfg = Release|Any CPU
		{5BA3C208-E9F9-436C-B51E-09161A80E74B}.Release|Any CPU.Build.0 = Release|Any CPU
		{037BA858-C4B1-4D8D-BA3F-9E8037D5967A}.Debug|Any CPU.ActiveCfg = Debug|Any CPU
		{037BA858-C4B1-4D8D-BA3F-9E8037D5967A}.Debug|Any CPU.Build.0 = Debug|Any CPU
		{037BA858-C4B1-4D8D-BA3F-9E8037D5967A}.Release|Any CPU.ActiveCfg = Release|Any CPU
		{037BA858-C4B1-4D8D-BA3F-9E8037D5967A}.Release|Any CPU.Build.0 = Release|Any CPU
		{3D652DA6-C365-4FBA-A896-ABB9E8EAEF0B}.Debug|Any CPU.ActiveCfg = Debug|Any CPU
		{3D652DA6-C365-4FBA-A896-ABB9E8EAEF0B}.Debug|Any CPU.Build.0 = Debug|Any CPU
		{3D652DA6-C365-4FBA-A896-ABB9E8EAEF0B}.Release|Any CPU.ActiveCfg = Release|Any CPU
		{3D652DA6-C365-4FBA-A896-ABB9E8EAEF0B}.Release|Any CPU.Build.0 = Release|Any CPU
		{12F7C72C-1BE7-43EB-BC19-20147EE54873}.Debug|Any CPU.ActiveCfg = Debug|Any CPU
		{12F7C72C-1BE7-43EB-BC19-20147EE54873}.Debug|Any CPU.Build.0 = Debug|Any CPU
		{12F7C72C-1BE7-43EB-BC19-20147EE54873}.Release|Any CPU.ActiveCfg = Release|Any CPU
		{12F7C72C-1BE7-43EB-BC19-20147EE54873}.Release|Any CPU.Build.0 = Release|Any CPU
		{9507802A-012E-4213-A645-71C8D85C303A}.Debug|Any CPU.ActiveCfg = Debug|Any CPU
		{9507802A-012E-4213-A645-71C8D85C303A}.Debug|Any CPU.Build.0 = Debug|Any CPU
		{9507802A-012E-4213-A645-71C8D85C303A}.Release|Any CPU.ActiveCfg = Release|Any CPU
		{9507802A-012E-4213-A645-71C8D85C303A}.Release|Any CPU.Build.0 = Release|Any CPU
		{76B4A118-C6EC-4B36-8203-6F046D71B02A}.Debug|Any CPU.ActiveCfg = Debug|Any CPU
		{76B4A118-C6EC-4B36-8203-6F046D71B02A}.Debug|Any CPU.Build.0 = Debug|Any CPU
		{76B4A118-C6EC-4B36-8203-6F046D71B02A}.Release|Any CPU.ActiveCfg = Release|Any CPU
		{76B4A118-C6EC-4B36-8203-6F046D71B02A}.Release|Any CPU.Build.0 = Release|Any CPU
		{199BBA8C-3DC0-434A-9A1C-AA47135ED0C0}.Debug|Any CPU.ActiveCfg = Debug|Any CPU
		{199BBA8C-3DC0-434A-9A1C-AA47135ED0C0}.Debug|Any CPU.Build.0 = Debug|Any CPU
		{199BBA8C-3DC0-434A-9A1C-AA47135ED0C0}.Release|Any CPU.ActiveCfg = Release|Any CPU
		{199BBA8C-3DC0-434A-9A1C-AA47135ED0C0}.Release|Any CPU.Build.0 = Release|Any CPU
		{B7D15ABE-EC5C-4A9E-8576-A9C4D240F390}.Debug|Any CPU.ActiveCfg = Debug|Any CPU
		{B7D15ABE-EC5C-4A9E-8576-A9C4D240F390}.Debug|Any CPU.Build.0 = Debug|Any CPU
		{B7D15ABE-EC5C-4A9E-8576-A9C4D240F390}.Release|Any CPU.ActiveCfg = Release|Any CPU
		{B7D15ABE-EC5C-4A9E-8576-A9C4D240F390}.Release|Any CPU.Build.0 = Release|Any CPU
		{9DAD74F1-406C-4141-86F6-A15045DB44B2}.Debug|Any CPU.ActiveCfg = Debug|Any CPU
		{9DAD74F1-406C-4141-86F6-A15045DB44B2}.Debug|Any CPU.Build.0 = Debug|Any CPU
		{9DAD74F1-406C-4141-86F6-A15045DB44B2}.Release|Any CPU.ActiveCfg = Release|Any CPU
		{9DAD74F1-406C-4141-86F6-A15045DB44B2}.Release|Any CPU.Build.0 = Release|Any CPU
		{65A0BA28-C614-45DC-B527-FF6CDFA045EF}.Debug|Any CPU.ActiveCfg = Debug|Any CPU
		{65A0BA28-C614-45DC-B527-FF6CDFA045EF}.Debug|Any CPU.Build.0 = Debug|Any CPU
		{65A0BA28-C614-45DC-B527-FF6CDFA045EF}.Release|Any CPU.ActiveCfg = Release|Any CPU
		{65A0BA28-C614-45DC-B527-FF6CDFA045EF}.Release|Any CPU.Build.0 = Release|Any CPU
		{43A47899-4ABC-44A7-A148-7E577765B303}.Debug|Any CPU.ActiveCfg = Debug|Any CPU
		{43A47899-4ABC-44A7-A148-7E577765B303}.Debug|Any CPU.Build.0 = Debug|Any CPU
		{43A47899-4ABC-44A7-A148-7E577765B303}.Release|Any CPU.ActiveCfg = Release|Any CPU
		{43A47899-4ABC-44A7-A148-7E577765B303}.Release|Any CPU.Build.0 = Release|Any CPU
	EndGlobalSection
	GlobalSection(NestedProjects) = preSolution
		{34679EE2-4ABD-4F62-B8D3-CD2B4A3D65FA} = {D991C8A8-C2B4-43AD-A3E5-9C2E5C5F6098}
		{5BA3C208-E9F9-436C-B51E-09161A80E74B} = {D991C8A8-C2B4-43AD-A3E5-9C2E5C5F6098}
		{037BA858-C4B1-4D8D-BA3F-9E8037D5967A} = {D991C8A8-C2B4-43AD-A3E5-9C2E5C5F6098}
		{3D652DA6-C365-4FBA-A896-ABB9E8EAEF0B} = {D991C8A8-C2B4-43AD-A3E5-9C2E5C5F6098}
		{12F7C72C-1BE7-43EB-BC19-20147EE54873} = {D991C8A8-C2B4-43AD-A3E5-9C2E5C5F6098}
		{9507802A-012E-4213-A645-71C8D85C303A} = {D991C8A8-C2B4-43AD-A3E5-9C2E5C5F6098}
		{1B053E41-DA69-4989-B6F6-F269EA4258F7} = {D991C8A8-C2B4-43AD-A3E5-9C2E5C5F6098}
		{76B4A118-C6EC-4B36-8203-6F046D71B02A} = {1B053E41-DA69-4989-B6F6-F269EA4258F7}
		{199BBA8C-3DC0-434A-9A1C-AA47135ED0C0} = {1B053E41-DA69-4989-B6F6-F269EA4258F7}
		{B7D15ABE-EC5C-4A9E-8576-A9C4D240F390} = {1B053E41-DA69-4989-B6F6-F269EA4258F7}
		{9DAD74F1-406C-4141-86F6-A15045DB44B2} = {1B053E41-DA69-4989-B6F6-F269EA4258F7}
		{65A0BA28-C614-45DC-B527-FF6CDFA045EF} = {388D0610-0251-495C-B079-8C71AC2EEAAA}
		{43A47899-4ABC-44A7-A148-7E577765B303} = {9934AD5D-8047-47F6-9653-55388F99F41D}
	EndGlobalSection
EndGlobal
